
Microsoft Visual Studio Solution File, Format Version 12.00
# Visual Studio Version 16
VisualStudioVersion = 16.0.30804.86
MinimumVisualStudioVersion = 10.0.40219.1
Project("{FAE04EC0-301F-11D3-BF4B-00C04F79EFBC}") = "KATA-Roman", "KATA-Roman\KATA-Roman.csproj", "{BA4A1C12-7461-4B73-920D-230D7C854120}"
EndProject
Project("{FAE04EC0-301F-11D3-BF4B-00C04F79EFBC}") = "Tests", "Tests\Tests.csproj", "{8FB276B6-B533-4C23-8F50-87496B18E6A8}"
EndProject
Global
	GlobalSection(SolutionConfigurationPlatforms) = preSolution
		Debug|Any CPU = Debug|Any CPU
		Release|Any CPU = Release|Any CPU
	EndGlobalSection
	GlobalSection(ProjectConfigurationPlatforms) = postSolution
		{BA4A1C12-7461-4B73-920D-230D7C854120}.Debug|Any CPU.ActiveCfg = Debug|Any CPU
		{BA4A1C12-7461-4B73-920D-230D7C854120}.Debug|Any CPU.Build.0 = Debug|Any CPU
		{BA4A1C12-7461-4B73-920D-230D7C854120}.Release|Any CPU.ActiveCfg = Release|Any CPU
		{BA4A1C12-7461-4B73-920D-230D7C854120}.Release|Any CPU.Build.0 = Release|Any CPU
		{8FB276B6-B533-4C23-8F50-87496B18E6A8}.Debug|Any CPU.ActiveCfg = Debug|Any CPU
		{8FB276B6-B533-4C23-8F50-87496B18E6A8}.Debug|Any CPU.Build.0 = Debug|Any CPU
		{8FB276B6-B533-4C23-8F50-87496B18E6A8}.Release|Any CPU.ActiveCfg = Release|Any CPU
		{8FB276B6-B533-4C23-8F50-87496B18E6A8}.Release|Any CPU.Build.0 = Release|Any CPU
	EndGlobalSection
	GlobalSection(SolutionProperties) = preSolution
		HideSolutionNode = FALSE
	EndGlobalSection
	GlobalSection(ExtensibilityGlobals) = postSolution
		SolutionGuid = {265E0B88-6990-4ECF-88BC-3FE72A52CF41}
	EndGlobalSection
EndGlobal
